// !$*UTF8*$!
{
	archiveVersion = 1;
	classes = {
	};
	objectVersion = 46;
	objects = {

/* Begin PBXBuildFile section */
		89E18AB1F27019579822B880 /* Pods_SimpleKeychainAccess.framework in Frameworks */ = {isa = PBXBuildFile; fileRef = 6B1BD99E8EDA964B2E4FF79B /* Pods_SimpleKeychainAccess.framework */; };
		BF3536D61DC3109100EAFD88 /* AppDelegate.swift in Sources */ = {isa = PBXBuildFile; fileRef = BF3536D51DC3109100EAFD88 /* AppDelegate.swift */; };
		BF3536D81DC3109100EAFD88 /* ViewController.swift in Sources */ = {isa = PBXBuildFile; fileRef = BF3536D71DC3109100EAFD88 /* ViewController.swift */; };
		BF3536DB1DC3109200EAFD88 /* Main.storyboard in Resources */ = {isa = PBXBuildFile; fileRef = BF3536D91DC3109200EAFD88 /* Main.storyboard */; };
		BF3536DD1DC3109200EAFD88 /* Assets.xcassets in Resources */ = {isa = PBXBuildFile; fileRef = BF3536DC1DC3109200EAFD88 /* Assets.xcassets */; };
		BF3536E01DC3109200EAFD88 /* LaunchScreen.storyboard in Resources */ = {isa = PBXBuildFile; fileRef = BF3536DE1DC3109200EAFD88 /* LaunchScreen.storyboard */; };
		BF3536EB1DC3109200EAFD88 /* SimpleKeychainAccessTests.swift in Sources */ = {isa = PBXBuildFile; fileRef = BF3536EA1DC3109200EAFD88 /* SimpleKeychainAccessTests.swift */; };
		FDADEB9E7DC15739C57F1BEA /* Pods_SimpleKeychainAccessTests.framework in Frameworks */ = {isa = PBXBuildFile; fileRef = 229FE8FD60971501B9D64F6D /* Pods_SimpleKeychainAccessTests.framework */; };
/* End PBXBuildFile section */

/* Begin PBXContainerItemProxy section */
		BF3536E71DC3109200EAFD88 /* PBXContainerItemProxy */ = {
			isa = PBXContainerItemProxy;
			containerPortal = BF3536CA1DC3109100EAFD88 /* Project object */;
			proxyType = 1;
			remoteGlobalIDString = BF3536D11DC3109100EAFD88;
			remoteInfo = SimpleKeychainAccess;
		};
/* End PBXContainerItemProxy section */

/* Begin PBXFileReference section */
		229FE8FD60971501B9D64F6D /* Pods_SimpleKeychainAccessTests.framework */ = {isa = PBXFileReference; explicitFileType = wrapper.framework; includeInIndex = 0; path = Pods_SimpleKeychainAccessTests.framework; sourceTree = BUILT_PRODUCTS_DIR; };
		2D94888CE4AD47984D6BB377 /* Pods-SimpleKeychainAccessTests.release.xcconfig */ = {isa = PBXFileReference; includeInIndex = 1; lastKnownFileType = text.xcconfig; name = "Pods-SimpleKeychainAccessTests.release.xcconfig"; path = "Pods/Target Support Files/Pods-SimpleKeychainAccessTests/Pods-SimpleKeychainAccessTests.release.xcconfig"; sourceTree = "<group>"; };
		5C2103415CFD692B04497BAB /* Pods-SimpleKeychainAccess.debug.xcconfig */ = {isa = PBXFileReference; includeInIndex = 1; lastKnownFileType = text.xcconfig; name = "Pods-SimpleKeychainAccess.debug.xcconfig"; path = "Pods/Target Support Files/Pods-SimpleKeychainAccess/Pods-SimpleKeychainAccess.debug.xcconfig"; sourceTree = "<group>"; };
		6B1BD99E8EDA964B2E4FF79B /* Pods_SimpleKeychainAccess.framework */ = {isa = PBXFileReference; explicitFileType = wrapper.framework; includeInIndex = 0; path = Pods_SimpleKeychainAccess.framework; sourceTree = BUILT_PRODUCTS_DIR; };
		70D397F128A9D72E2EB339D8 /* Pods-SimpleKeychainAccess.release.xcconfig */ = {isa = PBXFileReference; includeInIndex = 1; lastKnownFileType = text.xcconfig; name = "Pods-SimpleKeychainAccess.release.xcconfig"; path = "Pods/Target Support Files/Pods-SimpleKeychainAccess/Pods-SimpleKeychainAccess.release.xcconfig"; sourceTree = "<group>"; };
		BF3536D21DC3109100EAFD88 /* SimpleKeychainAccess.app */ = {isa = PBXFileReference; explicitFileType = wrapper.application; includeInIndex = 0; path = SimpleKeychainAccess.app; sourceTree = BUILT_PRODUCTS_DIR; };
		BF3536D51DC3109100EAFD88 /* AppDelegate.swift */ = {isa = PBXFileReference; lastKnownFileType = sourcecode.swift; path = AppDelegate.swift; sourceTree = "<group>"; };
		BF3536D71DC3109100EAFD88 /* ViewController.swift */ = {isa = PBXFileReference; lastKnownFileType = sourcecode.swift; path = ViewController.swift; sourceTree = "<group>"; };
		BF3536DA1DC3109200EAFD88 /* Base */ = {isa = PBXFileReference; lastKnownFileType = file.storyboard; name = Base; path = Base.lproj/Main.storyboard; sourceTree = "<group>"; };
		BF3536DC1DC3109200EAFD88 /* Assets.xcassets */ = {isa = PBXFileReference; lastKnownFileType = folder.assetcatalog; path = Assets.xcassets; sourceTree = "<group>"; };
		BF3536DF1DC3109200EAFD88 /* Base */ = {isa = PBXFileReference; lastKnownFileType = file.storyboard; name = Base; path = Base.lproj/LaunchScreen.storyboard; sourceTree = "<group>"; };
		BF3536E11DC3109200EAFD88 /* Info.plist */ = {isa = PBXFileReference; lastKnownFileType = text.plist.xml; path = Info.plist; sourceTree = "<group>"; };
		BF3536E61DC3109200EAFD88 /* SimpleKeychainAccessTests.xctest */ = {isa = PBXFileReference; explicitFileType = wrapper.cfbundle; includeInIndex = 0; path = SimpleKeychainAccessTests.xctest; sourceTree = BUILT_PRODUCTS_DIR; };
		BF3536EA1DC3109200EAFD88 /* SimpleKeychainAccessTests.swift */ = {isa = PBXFileReference; lastKnownFileType = sourcecode.swift; path = SimpleKeychainAccessTests.swift; sourceTree = "<group>"; };
		BF3536EC1DC3109200EAFD88 /* Info.plist */ = {isa = PBXFileReference; lastKnownFileType = text.plist.xml; path = Info.plist; sourceTree = "<group>"; };
		D505828F68E2925CAFE2CF49 /* Pods-SimpleKeychainAccessTests.debug.xcconfig */ = {isa = PBXFileReference; includeInIndex = 1; lastKnownFileType = text.xcconfig; name = "Pods-SimpleKeychainAccessTests.debug.xcconfig"; path = "Pods/Target Support Files/Pods-SimpleKeychainAccessTests/Pods-SimpleKeychainAccessTests.debug.xcconfig"; sourceTree = "<group>"; };
/* End PBXFileReference section */

/* Begin PBXFrameworksBuildPhase section */
		BF3536CF1DC3109100EAFD88 /* Frameworks */ = {
			isa = PBXFrameworksBuildPhase;
			buildActionMask = 2147483647;
			files = (
				89E18AB1F27019579822B880 /* Pods_SimpleKeychainAccess.framework in Frameworks */,
			);
			runOnlyForDeploymentPostprocessing = 0;
		};
		BF3536E31DC3109200EAFD88 /* Frameworks */ = {
			isa = PBXFrameworksBuildPhase;
			buildActionMask = 2147483647;
			files = (
				FDADEB9E7DC15739C57F1BEA /* Pods_SimpleKeychainAccessTests.framework in Frameworks */,
			);
			runOnlyForDeploymentPostprocessing = 0;
		};
/* End PBXFrameworksBuildPhase section */

/* Begin PBXGroup section */
		00A3C600F2364EC9430D1156 /* Frameworks */ = {
			isa = PBXGroup;
			children = (
				6B1BD99E8EDA964B2E4FF79B /* Pods_SimpleKeychainAccess.framework */,
				229FE8FD60971501B9D64F6D /* Pods_SimpleKeychainAccessTests.framework */,
			);
			name = Frameworks;
			sourceTree = "<group>";
		};
		B54F43B71C46CFC8D3C11F77 /* Pods */ = {
			isa = PBXGroup;
			children = (
				5C2103415CFD692B04497BAB /* Pods-SimpleKeychainAccess.debug.xcconfig */,
				70D397F128A9D72E2EB339D8 /* Pods-SimpleKeychainAccess.release.xcconfig */,
				D505828F68E2925CAFE2CF49 /* Pods-SimpleKeychainAccessTests.debug.xcconfig */,
				2D94888CE4AD47984D6BB377 /* Pods-SimpleKeychainAccessTests.release.xcconfig */,
			);
			name = Pods;
			sourceTree = "<group>";
		};
		BF3536C91DC3109100EAFD88 = {
			isa = PBXGroup;
			children = (
				BF3536D41DC3109100EAFD88 /* SimpleKeychainAccess */,
				BF3536E91DC3109200EAFD88 /* SimpleKeychainAccessTests */,
				BF3536D31DC3109100EAFD88 /* Products */,
				B54F43B71C46CFC8D3C11F77 /* Pods */,
				00A3C600F2364EC9430D1156 /* Frameworks */,
			);
			sourceTree = "<group>";
		};
		BF3536D31DC3109100EAFD88 /* Products */ = {
			isa = PBXGroup;
			children = (
				BF3536D21DC3109100EAFD88 /* SimpleKeychainAccess.app */,
				BF3536E61DC3109200EAFD88 /* SimpleKeychainAccessTests.xctest */,
			);
			name = Products;
			sourceTree = "<group>";
		};
		BF3536D41DC3109100EAFD88 /* SimpleKeychainAccess */ = {
			isa = PBXGroup;
			children = (
				BF3536D51DC3109100EAFD88 /* AppDelegate.swift */,
				BF3536D71DC3109100EAFD88 /* ViewController.swift */,
				BF3536D91DC3109200EAFD88 /* Main.storyboard */,
				BF3536DC1DC3109200EAFD88 /* Assets.xcassets */,
				BF3536DE1DC3109200EAFD88 /* LaunchScreen.storyboard */,
				BF3536E11DC3109200EAFD88 /* Info.plist */,
			);
			path = SimpleKeychainAccess;
			sourceTree = "<group>";
		};
		BF3536E91DC3109200EAFD88 /* SimpleKeychainAccessTests */ = {
			isa = PBXGroup;
			children = (
				BF3536EA1DC3109200EAFD88 /* SimpleKeychainAccessTests.swift */,
				BF3536EC1DC3109200EAFD88 /* Info.plist */,
			);
			path = SimpleKeychainAccessTests;
			sourceTree = "<group>";
		};
/* End PBXGroup section */

/* Begin PBXNativeTarget section */
		BF3536D11DC3109100EAFD88 /* SimpleKeychainAccess */ = {
			isa = PBXNativeTarget;
			buildConfigurationList = BF3536EF1DC3109200EAFD88 /* Build configuration list for PBXNativeTarget "SimpleKeychainAccess" */;
			buildPhases = (
				4BEBA13A7D49237B1445D2C5 /* [CP] Check Pods Manifest.lock */,
				BF3536CE1DC3109100EAFD88 /* Sources */,
				BF3536CF1DC3109100EAFD88 /* Frameworks */,
				BF3536D01DC3109100EAFD88 /* Resources */,
				437D2A681EE523E61DFF8F61 /* [CP] Embed Pods Frameworks */,
				6E8755A34DB7EC760813128E /* [CP] Copy Pods Resources */,
			);
			buildRules = (
			);
			dependencies = (
			);
			name = SimpleKeychainAccess;
			productName = SimpleKeychainAccess;
			productReference = BF3536D21DC3109100EAFD88 /* SimpleKeychainAccess.app */;
			productType = "com.apple.product-type.application";
		};
		BF3536E51DC3109200EAFD88 /* SimpleKeychainAccessTests */ = {
			isa = PBXNativeTarget;
			buildConfigurationList = BF3536F21DC3109200EAFD88 /* Build configuration list for PBXNativeTarget "SimpleKeychainAccessTests" */;
			buildPhases = (
				F0893546D605F43610DBDB78 /* [CP] Check Pods Manifest.lock */,
				BF3536E21DC3109200EAFD88 /* Sources */,
				BF3536E31DC3109200EAFD88 /* Frameworks */,
				BF3536E41DC3109200EAFD88 /* Resources */,
				73576CAF3ABDFE72C67D3034 /* [CP] Embed Pods Frameworks */,
				4646D05FAF5CBF4B3190C998 /* [CP] Copy Pods Resources */,
			);
			buildRules = (
			);
			dependencies = (
				BF3536E81DC3109200EAFD88 /* PBXTargetDependency */,
			);
			name = SimpleKeychainAccessTests;
			productName = SimpleKeychainAccessTests;
			productReference = BF3536E61DC3109200EAFD88 /* SimpleKeychainAccessTests.xctest */;
			productType = "com.apple.product-type.bundle.unit-test";
		};
/* End PBXNativeTarget section */

/* Begin PBXProject section */
		BF3536CA1DC3109100EAFD88 /* Project object */ = {
			isa = PBXProject;
			attributes = {
				LastSwiftUpdateCheck = 0800;
				LastUpgradeCheck = 0800;
				ORGANIZATIONNAME = vc7;
				TargetAttributes = {
					BF3536D11DC3109100EAFD88 = {
						CreatedOnToolsVersion = 8.0;
						DevelopmentTeam = ZAA88TS93T;
						ProvisioningStyle = Automatic;
					};
					BF3536E51DC3109200EAFD88 = {
						CreatedOnToolsVersion = 8.0;
						DevelopmentTeam = ZAA88TS93T;
						ProvisioningStyle = Automatic;
						TestTargetID = BF3536D11DC3109100EAFD88;
					};
				};
			};
			buildConfigurationList = BF3536CD1DC3109100EAFD88 /* Build configuration list for PBXProject "SimpleKeychainAccess" */;
			compatibilityVersion = "Xcode 3.2";
			developmentRegion = English;
			hasScannedForEncodings = 0;
			knownRegions = (
				en,
				Base,
			);
			mainGroup = BF3536C91DC3109100EAFD88;
			productRefGroup = BF3536D31DC3109100EAFD88 /* Products */;
			projectDirPath = "";
			projectRoot = "";
			targets = (
				BF3536D11DC3109100EAFD88 /* SimpleKeychainAccess */,
				BF3536E51DC3109200EAFD88 /* SimpleKeychainAccessTests */,
			);
		};
/* End PBXProject section */

/* Begin PBXResourcesBuildPhase section */
		BF3536D01DC3109100EAFD88 /* Resources */ = {
			isa = PBXResourcesBuildPhase;
			buildActionMask = 2147483647;
			files = (
				BF3536E01DC3109200EAFD88 /* LaunchScreen.storyboard in Resources */,
				BF3536DD1DC3109200EAFD88 /* Assets.xcassets in Resources */,
				BF3536DB1DC3109200EAFD88 /* Main.storyboard in Resources */,
			);
			runOnlyForDeploymentPostprocessing = 0;
		};
		BF3536E41DC3109200EAFD88 /* Resources */ = {
			isa = PBXResourcesBuildPhase;
			buildActionMask = 2147483647;
			files = (
			);
			runOnlyForDeploymentPostprocessing = 0;
		};
/* End PBXResourcesBuildPhase section */

/* Begin PBXShellScriptBuildPhase section */
		437D2A681EE523E61DFF8F61 /* [CP] Embed Pods Frameworks */ = {
			isa = PBXShellScriptBuildPhase;
			buildActionMask = 2147483647;
			files = (
			);
			inputPaths = (
			);
			name = "[CP] Embed Pods Frameworks";
			outputPaths = (
			);
			runOnlyForDeploymentPostprocessing = 0;
			shellPath = /bin/sh;
			shellScript = "\"${SRCROOT}/Pods/Target Support Files/Pods-SimpleKeychainAccess/Pods-SimpleKeychainAccess-frameworks.sh\"\n";
			showEnvVarsInLog = 0;
		};
		4646D05FAF5CBF4B3190C998 /* [CP] Copy Pods Resources */ = {
			isa = PBXShellScriptBuildPhase;
			buildActionMask = 2147483647;
			files = (
			);
			inputPaths = (
			);
			name = "[CP] Copy Pods Resources";
			outputPaths = (
			);
			runOnlyForDeploymentPostprocessing = 0;
			shellPath = /bin/sh;
			shellScript = "\"${SRCROOT}/Pods/Target Support Files/Pods-SimpleKeychainAccessTests/Pods-SimpleKeychainAccessTests-resources.sh\"\n";
			showEnvVarsInLog = 0;
		};
		4BEBA13A7D49237B1445D2C5 /* [CP] Check Pods Manifest.lock */ = {
			isa = PBXShellScriptBuildPhase;
			buildActionMask = 2147483647;
			files = (
			);
			inputPaths = (
			);
			name = "[CP] Check Pods Manifest.lock";
			outputPaths = (
			);
			runOnlyForDeploymentPostprocessing = 0;
			shellPath = /bin/sh;
			shellScript = "diff \"${PODS_ROOT}/../Podfile.lock\" \"${PODS_ROOT}/Manifest.lock\" > /dev/null\nif [[ $? != 0 ]] ; then\n    cat << EOM\nerror: The sandbox is not in sync with the Podfile.lock. Run 'pod install' or update your CocoaPods installation.\nEOM\n    exit 1\nfi\n";
			showEnvVarsInLog = 0;
		};
		6E8755A34DB7EC760813128E /* [CP] Copy Pods Resources */ = {
			isa = PBXShellScriptBuildPhase;
			buildActionMask = 2147483647;
			files = (
			);
			inputPaths = (
			);
			name = "[CP] Copy Pods Resources";
			outputPaths = (
			);
			runOnlyForDeploymentPostprocessing = 0;
			shellPath = /bin/sh;
			shellScript = "\"${SRCROOT}/Pods/Target Support Files/Pods-SimpleKeychainAccess/Pods-SimpleKeychainAccess-resources.sh\"\n";
			showEnvVarsInLog = 0;
		};
		73576CAF3ABDFE72C67D3034 /* [CP] Embed Pods Frameworks */ = {
			isa = PBXShellScriptBuildPhase;
			buildActionMask = 2147483647;
			files = (
			);
			inputPaths = (
			);
			name = "[CP] Embed Pods Frameworks";
			outputPaths = (
			);
			runOnlyForDeploymentPostprocessing = 0;
			shellPath = /bin/sh;
			shellScript = "\"${SRCROOT}/Pods/Target Support Files/Pods-SimpleKeychainAccessTests/Pods-SimpleKeychainAccessTests-frameworks.sh\"\n";
			showEnvVarsInLog = 0;
		};
		F0893546D605F43610DBDB78 /* [CP] Check Pods Manifest.lock */ = {
			isa = PBXShellScriptBuildPhase;
			buildActionMask = 2147483647;
			files = (
			);
			inputPaths = (
			);
			name = "[CP] Check Pods Manifest.lock";
			outputPaths = (
			);
			runOnlyForDeploymentPostprocessing = 0;
			shellPath = /bin/sh;
			shellScript = "diff \"${PODS_ROOT}/../Podfile.lock\" \"${PODS_ROOT}/Manifest.lock\" > /dev/null\nif [[ $? != 0 ]] ; then\n    cat << EOM\nerror: The sandbox is not in sync with the Podfile.lock. Run 'pod install' or update your CocoaPods installation.\nEOM\n    exit 1\nfi\n";
			showEnvVarsInLog = 0;
		};
/* End PBXShellScriptBuildPhase section */

/* Begin PBXSourcesBuildPhase section */
		BF3536CE1DC3109100EAFD88 /* Sources */ = {
			isa = PBXSourcesBuildPhase;
			buildActionMask = 2147483647;
			files = (
				BF3536D81DC3109100EAFD88 /* ViewController.swift in Sources */,
				BF3536D61DC3109100EAFD88 /* AppDelegate.swift in Sources */,
			);
			runOnlyForDeploymentPostprocessing = 0;
		};
		BF3536E21DC3109200EAFD88 /* Sources */ = {
			isa = PBXSourcesBuildPhase;
			buildActionMask = 2147483647;
			files = (
				BF3536EB1DC3109200EAFD88 /* SimpleKeychainAccessTests.swift in Sources */,
			);
			runOnlyForDeploymentPostprocessing = 0;
		};
/* End PBXSourcesBuildPhase section */

/* Begin PBXTargetDependency section */
		BF3536E81DC3109200EAFD88 /* PBXTargetDependency */ = {
			isa = PBXTargetDependency;
			target = BF3536D11DC3109100EAFD88 /* SimpleKeychainAccess */;
			targetProxy = BF3536E71DC3109200EAFD88 /* PBXContainerItemProxy */;
		};
/* End PBXTargetDependency section */

/* Begin PBXVariantGroup section */
		BF3536D91DC3109200EAFD88 /* Main.storyboard */ = {
			isa = PBXVariantGroup;
			children = (
				BF3536DA1DC3109200EAFD88 /* Base */,
			);
			name = Main.storyboard;
			sourceTree = "<group>";
		};
		BF3536DE1DC3109200EAFD88 /* LaunchScreen.storyboard */ = {
			isa = PBXVariantGroup;
			children = (
				BF3536DF1DC3109200EAFD88 /* Base */,
			);
			name = LaunchScreen.storyboard;
			sourceTree = "<group>";
		};
/* End PBXVariantGroup section */

/* Begin XCBuildConfiguration section */
		BF3536ED1DC3109200EAFD88 /* Debug */ = {
			isa = XCBuildConfiguration;
			buildSettings = {
				ALWAYS_SEARCH_USER_PATHS = NO;
				CLANG_ANALYZER_NONNULL = YES;
				CLANG_CXX_LANGUAGE_STANDARD = "gnu++0x";
				CLANG_CXX_LIBRARY = "libc++";
				CLANG_ENABLE_MODULES = YES;
				CLANG_ENABLE_OBJC_ARC = YES;
				CLANG_WARN_BOOL_CONVERSION = YES;
				CLANG_WARN_CONSTANT_CONVERSION = YES;
				CLANG_WARN_DIRECT_OBJC_ISA_USAGE = YES_ERROR;
				CLANG_WARN_DOCUMENTATION_COMMENTS = YES;
				CLANG_WARN_EMPTY_BODY = YES;
				CLANG_WARN_ENUM_CONVERSION = YES;
				CLANG_WARN_INFINITE_RECURSION = YES;
				CLANG_WARN_INT_CONVERSION = YES;
				CLANG_WARN_OBJC_ROOT_CLASS = YES_ERROR;
				CLANG_WARN_SUSPICIOUS_MOVES = YES;
				CLANG_WARN_UNREACHABLE_CODE = YES;
				CLANG_WARN__DUPLICATE_METHOD_MATCH = YES;
				"CODE_SIGN_IDENTITY[sdk=iphoneos*]" = "iPhone Developer";
				COPY_PHASE_STRIP = NO;
				DEBUG_INFORMATION_FORMAT = dwarf;
				ENABLE_STRICT_OBJC_MSGSEND = YES;
				ENABLE_TESTABILITY = YES;
				GCC_C_LANGUAGE_STANDARD = gnu99;
				GCC_DYNAMIC_NO_PIC = NO;
				GCC_NO_COMMON_BLOCKS = YES;
				GCC_OPTIMIZATION_LEVEL = 0;
				GCC_PREPROCESSOR_DEFINITIONS = (
					"DEBUG=1",
					"$(inherited)",
				);
				GCC_WARN_64_TO_32_BIT_CONVERSION = YES;
				GCC_WARN_ABOUT_RETURN_TYPE = YES_ERROR;
				GCC_WARN_UNDECLARED_SELECTOR = YES;
				GCC_WARN_UNINITIALIZED_AUTOS = YES_AGGRESSIVE;
				GCC_WARN_UNUSED_FUNCTION = YES;
				GCC_WARN_UNUSED_VARIABLE = YES;
				IPHONEOS_DEPLOYMENT_TARGET = 10.0;
				MTL_ENABLE_DEBUG_INFO = YES;
				ONLY_ACTIVE_ARCH = YES;
				SDKROOT = iphoneos;
				SWIFT_ACTIVE_COMPILATION_CONDITIONS = DEBUG;
				SWIFT_OPTIMIZATION_LEVEL = "-Onone";
			};
			name = Debug;
		};
		BF3536EE1DC3109200EAFD88 /* Release */ = {
			isa = XCBuildConfiguration;
			buildSettings = {
				ALWAYS_SEARCH_USER_PATHS = NO;
				CLANG_ANALYZER_NONNULL = YES;
				CLANG_CXX_LANGUAGE_STANDARD = "gnu++0x";
				CLANG_CXX_LIBRARY = "libc++";
				CLANG_ENABLE_MODULES = YES;
				CLANG_ENABLE_OBJC_ARC = YES;
				CLANG_WARN_BOOL_CONVERSION = YES;
				CLANG_WARN_CONSTANT_CONVERSION = YES;
				CLANG_WARN_DIRECT_OBJC_ISA_USAGE = YES_ERROR;
				CLANG_WARN_DOCUMENTATION_COMMENTS = YES;
				CLANG_WARN_EMPTY_BODY = YES;
				CLANG_WARN_ENUM_CONVERSION = YES;
				CLANG_WARN_INFINITE_RECURSION = YES;
				CLANG_WARN_INT_CONVERSION = YES;
				CLANG_WARN_OBJC_ROOT_CLASS = YES_ERROR;
				CLANG_WARN_SUSPICIOUS_MOVES = YES;
				CLANG_WARN_UNREACHABLE_CODE = YES;
				CLANG_WARN__DUPLICATE_METHOD_MATCH = YES;
				"CODE_SIGN_IDENTITY[sdk=iphoneos*]" = "iPhone Developer";
				COPY_PHASE_STRIP = NO;
				DEBUG_INFORMATION_FORMAT = "dwarf-with-dsym";
				ENABLE_NS_ASSERTIONS = NO;
				ENABLE_STRICT_OBJC_MSGSEND = YES;
				GCC_C_LANGUAGE_STANDARD = gnu99;
				GCC_NO_COMMON_BLOCKS = YES;
				GCC_WARN_64_TO_32_BIT_CONVERSION = YES;
				GCC_WARN_ABOUT_RETURN_TYPE = YES_ERROR;
				GCC_WARN_UNDECLARED_SELECTOR = YES;
				GCC_WARN_UNINITIALIZED_AUTOS = YES_AGGRESSIVE;
				GCC_WARN_UNUSED_FUNCTION = YES;
				GCC_WARN_UNUSED_VARIABLE = YES;
				IPHONEOS_DEPLOYMENT_TARGET = 10.0;
				MTL_ENABLE_DEBUG_INFO = NO;
				SDKROOT = iphoneos;
				SWIFT_OPTIMIZATION_LEVEL = "-Owholemodule";
				VALIDATE_PRODUCT = YES;
			};
			name = Release;
		};
		BF3536F01DC3109200EAFD88 /* Debug */ = {
			isa = XCBuildConfiguration;
			baseConfigurationReference = 5C2103415CFD692B04497BAB /* Pods-SimpleKeychainAccess.debug.xcconfig */;
			buildSettings = {
				ASSETCATALOG_COMPILER_APPICON_NAME = AppIcon;
				DEVELOPMENT_TEAM = ZAA88TS93T;
				INFOPLIST_FILE = SimpleKeychainAccess/Info.plist;
				LD_RUNPATH_SEARCH_PATHS = "$(inherited) @executable_path/Frameworks";
				PRODUCT_BUNDLE_IDENTIFIER = com.vc7.SimpleKeychainAccess;
				PRODUCT_NAME = "$(TARGET_NAME)";
				SWIFT_VERSION = 3.0;
			};
			name = Debug;
		};
		BF3536F11DC3109200EAFD88 /* Release */ = {
			isa = XCBuildConfiguration;
			baseConfigurationReference = 70D397F128A9D72E2EB339D8 /* Pods-SimpleKeychainAccess.release.xcconfig */;
			buildSettings = {
				ASSETCATALOG_COMPILER_APPICON_NAME = AppIcon;
				DEVELOPMENT_TEAM = ZAA88TS93T;
				INFOPLIST_FILE = SimpleKeychainAccess/Info.plist;
				LD_RUNPATH_SEARCH_PATHS = "$(inherited) @executable_path/Frameworks";
				PRODUCT_BUNDLE_IDENTIFIER = com.vc7.SimpleKeychainAccess;
				PRODUCT_NAME = "$(TARGET_NAME)";
				SWIFT_VERSION = 3.0;
			};
			name = Release;
		};
		BF3536F31DC3109200EAFD88 /* Debug */ = {
			isa = XCBuildConfiguration;
			baseConfigurationReference = D505828F68E2925CAFE2CF49 /* Pods-SimpleKeychainAccessTests.debug.xcconfig */;
			buildSettings = {
				ALWAYS_EMBED_SWIFT_STANDARD_LIBRARIES = YES;
				BUNDLE_LOADER = "$(TEST_HOST)";
				DEVELOPMENT_TEAM = ZAA88TS93T;
				INFOPLIST_FILE = SimpleKeychainAccessTests/Info.plist;
				LD_RUNPATH_SEARCH_PATHS = "$(inherited) @executable_path/Frameworks @loader_path/Frameworks";
				PRODUCT_BUNDLE_IDENTIFIER = com.vc7.SimpleKeychainAccessTests;
				PRODUCT_NAME = "$(TARGET_NAME)";
				SWIFT_VERSION = 3.0;
				TEST_HOST = "$(BUILT_PRODUCTS_DIR)/SimpleKeychainAccess.app/SimpleKeychainAccess";
			};
			name = Debug;
		};
		BF3536F41DC3109200EAFD88 /* Release */ = {
			isa = XCBuildConfiguration;
			baseConfigurationReference = 2D94888CE4AD47984D6BB377 /* Pods-SimpleKeychainAccessTests.release.xcconfig */;
			buildSettings = {
				ALWAYS_EMBED_SWIFT_STANDARD_LIBRARIES = YES;
				BUNDLE_LOADER = "$(TEST_HOST)";
				DEVELOPMENT_TEAM = ZAA88TS93T;
				INFOPLIST_FILE = SimpleKeychainAccessTests/Info.plist;
				LD_RUNPATH_SEARCH_PATHS = "$(inherited) @executable_path/Frameworks @loader_path/Frameworks";
				PRODUCT_BUNDLE_IDENTIFIER = com.vc7.SimpleKeychainAccessTests;
				PRODUCT_NAME = "$(TARGET_NAME)";
				SWIFT_VERSION = 3.0;
				TEST_HOST = "$(BUILT_PRODUCTS_DIR)/SimpleKeychainAccess.app/SimpleKeychainAccess";
			};
			name = Release;
		};
/* End XCBuildConfiguration section */

/* Begin XCConfigurationList section */
		BF3536CD1DC3109100EAFD88 /* Build configuration list for PBXProject "SimpleKeychainAccess" */ = {
			isa = XCConfigurationList;
			buildConfigurations = (
				BF3536ED1DC3109200EAFD88 /* Debug */,
				BF3536EE1DC3109200EAFD88 /* Release */,
			);
			defaultConfigurationIsVisible = 0;
			defaultConfigurationName = Release;
		};
		BF3536EF1DC3109200EAFD88 /* Build configuration list for PBXNativeTarget "SimpleKeychainAccess" */ = {
			isa = XCConfigurationList;
			buildConfigurations = (
				BF3536F01DC3109200EAFD88 /* Debug */,
				BF3536F11DC3109200EAFD88 /* Release */,
			);
			defaultConfigurationIsVisible = 0;
			defaultConfigurationName = Release;
		};
		BF3536F21DC3109200EAFD88 /* Build configuration list for PBXNativeTarget "SimpleKeychainAccessTests" */ = {
			isa = XCConfigurationList;
			buildConfigurations = (
				BF3536F31DC3109200EAFD88 /* Debug */,
				BF3536F41DC3109200EAFD88 /* Release */,
			);
			defaultConfigurationIsVisible = 0;
			defaultConfigurationName = Release;
		};
/* End XCConfigurationList section */
	};
	rootObject = BF3536CA1DC3109100EAFD88 /* Project object */;
}
